
Microsoft Visual Studio Solution File, Format Version 12.00
# Visual Studio Version 16
VisualStudioVersion = 16.0.30413.136
MinimumVisualStudioVersion = 10.0.40219.1
Project("{FAE04EC0-301F-11D3-BF4B-00C04F79EFBC}") = "server", "server.csproj", "{94B37BD7-D3F8-4C9A-886E-64E5FE4AC4CD}"
EndProject
Global
	GlobalSection(SolutionConfigurationPlatforms) = preSolution
		Debug|Any CPU = Debug|Any CPU
		Release|Any CPU = Release|Any CPU
	EndGlobalSection
	GlobalSection(ProjectConfigurationPlatforms) = postSolution
		{94B37BD7-D3F8-4C9A-886E-64E5FE4AC4CD}.Debug|Any CPU.ActiveCfg = Debug|Any CPU
		{94B37BD7-D3F8-4C9A-886E-64E5FE4AC4CD}.Debug|Any CPU.Build.0 = Debug|Any CPU
		{94B37BD7-D3F8-4C9A-886E-64E5FE4AC4CD}.Release|Any CPU.ActiveCfg = Release|Any CPU
		{94B37BD7-D3F8-4C9A-886E-64E5FE4AC4CD}.Release|Any CPU.Build.0 = Release|Any CPU
	EndGlobalSection
	GlobalSection(SolutionProperties) = preSolution
		HideSolutionNode = FALSE
	EndGlobalSection
	GlobalSection(ExtensibilityGlobals) = postSolution
		SolutionGuid = {F04D99E8-47BD-49FD-BC29-54CD74D69633}
	EndGlobalSection
EndGlobal
